PODS:
  - AFNetworking (3.2.1):
    - AFNetworking/NSURLSession (= 3.2.1)
    - AFNetworking/Reachability (= 3.2.1)
    - AFNetworking/Security (= 3.2.1)
    - AFNetworking/Serialization (= 3.2.1)
    - AFNetworking/UIKit (= 3.2.1)
  - AFNetworking/NSURLSession (3.2.1):
    - AFNetworking/Reachability
    - AFNetworking/Security
    - AFNetworking/Serialization
  - AFNetworking/Reachability (3.2.1)
  - AFNetworking/Security (3.2.1)
  - AFNetworking/Serialization (3.2.1)
  - AFNetworking/UIKit (3.2.1):
    - AFNetworking/NSURLSession
  - IQKeyboardManager (6.4.0)
  - libwebp (1.0.2):
    - libwebp/core (= 1.0.2)
    - libwebp/dec (= 1.0.2)
    - libwebp/demux (= 1.0.2)
    - libwebp/dsp (= 1.0.2)
    - libwebp/enc (= 1.0.2)
    - libwebp/mux (= 1.0.2)
    - libwebp/utils (= 1.0.2)
    - libwebp/webp (= 1.0.2)
  - libwebp/core (1.0.2):
    - libwebp/webp
  - libwebp/dec (1.0.2):
    - libwebp/core
  - libwebp/demux (1.0.2):
    - libwebp/core
  - libwebp/dsp (1.0.2):
    - libwebp/core
  - libwebp/enc (1.0.2):
    - libwebp/core
  - libwebp/mux (1.0.2):
    - libwebp/core
  - libwebp/utils (1.0.2):
    - libwebp/core
  - libwebp/webp (1.0.2)
  - SDWebImage/Core (4.4.7)
  - SDWebImage/WebP (4.4.7):
    - libwebp (< 2.0, >= 0.5)
    - SDWebImage/Core
  - VisaCheckoutSDK (6.6.2)

DEPENDENCIES:
  - AFNetworking (~> 3.0)
  - IQKeyboardManager
  - SDWebImage/WebP
  - VisaCheckoutSDK

SPEC REPOS:
  https://github.com/cocoapods/specs.git:
    - AFNetworking
    - IQKeyboardManager
    - libwebp
    - SDWebImage
    - VisaCheckoutSDK

SPEC CHECKSUMS:
  AFNetworking: b6f891fdfaed196b46c7a83cf209e09697b94057
  IQKeyboardManager: fcef267266379c003181fc3592f6bdb8bf4db839
  libwebp: b068a3bd7c45f7460f6715be7bed1a18fd5d6b48
  SDWebImage: c10d14a8883ebd89664f02a422006f66a85c0c5d
  VisaCheckoutSDK: e850358796f533faf09773342c3e4e42248cc447

PODFILE CHECKSUM: cd772741fc7e90f98a37677170ed25280746ec80

COCOAPODS: 1.7.1
